
Microsoft Visual Studio Solution File, Format Version 12.00
# Visual Studio Version 17
VisualStudioVersion = 17.9.34607.119
MinimumVisualStudioVersion = 10.0.40219.1
Project("{FAE04EC0-301F-11D3-BF4B-00C04F79EFBC}") = "ImageToTextApplication", "ImageToTextApplication.csproj", "{340C0E1E-E4C4-46F0-AB82-92FC9CC50F1E}"
EndProject
Global
	GlobalSection(SolutionConfigurationPlatforms) = preSolution
		Debug|Any CPU = Debug|Any CPU
		Release|Any CPU = Release|Any CPU
	EndGlobalSection
	GlobalSection(ProjectConfigurationPlatforms) = postSolution
		{340C0E1E-E4C4-46F0-AB82-92FC9CC50F1E}.Debug|Any CPU.ActiveCfg = Debug|Any CPU
		{340C0E1E-E4C4-46F0-AB82-92FC9CC50F1E}.Debug|Any CPU.Build.0 = Debug|Any CPU
		{340C0E1E-E4C4-46F0-AB82-92FC9CC50F1E}.Release|Any CPU.ActiveCfg = Release|Any CPU
		{340C0E1E-E4C4-46F0-AB82-92FC9CC50F1E}.Release|Any CPU.Build.0 = Release|Any CPU
	EndGlobalSection
	GlobalSection(SolutionProperties) = preSolution
		HideSolutionNode = FALSE
	EndGlobalSection
	GlobalSection(ExtensibilityGlobals) = postSolution
		SolutionGuid = {0EC7CD13-A8EF-42C6-BFF5-E2D6F467663F}
	EndGlobalSection
EndGlobal
